
Microsoft Visual Studio Solution File, Format Version 12.00
# Visual Studio Version 18
VisualStudioVersion = 18.5.11605.296
MinimumVisualStudioVersion = 10.0.40219.1
Project("{2150E333-8FDC-42A3-9474-1A3956D46DE8}") = "Documents", "Documents", "{02EA681E-C7D8-13C7-8484-4AC65E1B71E8}"
	ProjectSection(SolutionItems) = preProject
		CHANGELOG.md = CHANGELOG.md
		CODE_OF_CONDUCT.md = CODE_OF_CONDUCT.md
		CONTRIBUTING.md = CONTRIBUTING.md
		LICENSE = LICENSE
		README.md = README.md
		SECURITY.md = SECURITY.md
	EndProjectSection
EndProject
Project("{2150E333-8FDC-42A3-9474-1A3956D46DE8}") = "Solution Items", "Solution Items", "{17624572-9E5D-4313-9384-ABD445DF4360}"
	ProjectSection(SolutionItems) = preProject
		.dockerignore = .dockerignore
		.editorconfig = .editorconfig
		.env = .env
		.env.example = .env.example
		.gitattributes = .gitattributes
		.gitignore = .gitignore
		Directory.Build.props = Directory.Build.props
		Directory.Packages.props = Directory.Packages.props
		docker-compose.dev-tools.yml = docker-compose.dev-tools.yml
		docker-compose.yml = docker-compose.yml
	EndProjectSection
EndProject
Project("{2150E333-8FDC-42A3-9474-1A3956D46DE8}") = "src", "src", "{4E369297-0CA7-4F92-8F2A-C248A43639E6}"
EndProject
Project("{2150E333-8FDC-42A3-9474-1A3956D46DE8}") = "tests", "tests", "{58B3212D-87B6-4551-9557-B4A94263A9CC}"
EndProject
Project("{2150E333-8FDC-42A3-9474-1A3956D46DE8}") = "cms", "cms", "{16DB18A2-0DED-4615-BC6E-750EF9D40790}"
EndProject
Project("{2150E333-8FDC-42A3-9474-1A3956D46DE8}") = "web", "web", "{1ACEEFC7-4456-4EA7-B3D1-9C58F5927264}"
EndProject
Project("{2150E333-8FDC-42A3-9474-1A3956D46DE8}") = "Core", "Core", "{A9ACE493-5A27-4C98-AB89-CE0DFCDD631C}"
EndProject
Project("{2150E333-8FDC-42A3-9474-1A3956D46DE8}") = "Infrastructure", "Infrastructure", "{0B715706-7125-49CC-BDCA-A8EFB772F656}"
EndProject
Project("{2150E333-8FDC-42A3-9474-1A3956D46DE8}") = "Presentation", "Presentation", "{FC31AFBD-BA94-4732-B27D-C9E2B95DE3CE}"
EndProject
Project("{2150E333-8FDC-42A3-9474-1A3956D46DE8}") = "Core", "Core", "{97DE87FE-5B0A-4D42-B7EF-35C3A197FC96}"
EndProject
Project("{2150E333-8FDC-42A3-9474-1A3956D46DE8}") = "Infrastructure", "Infrastructure", "{DF2EE14B-E2F6-4BE7-89E1-C59799282565}"
EndProject
Project("{2150E333-8FDC-42A3-9474-1A3956D46DE8}") = "Presentation", "Presentation", "{BEB7AC37-A3D2-405A-A023-3CCFAB4F6743}"
EndProject
Project("{FAE04EC0-301F-11D3-BF4B-00C04F79EFBC}") = "SharedKernel", "src\SharedKernel\SharedKernel.csproj", "{001CF0FE-D02D-4064-B12F-F356422C50E9}"
EndProject
Project("{FAE04EC0-301F-11D3-BF4B-00C04F79EFBC}") = "Application", "src\cms\Core\Application\Application.csproj", "{1E796B7B-7163-4FFE-AD54-AF0DF4F20B9E}"
EndProject
Project("{FAE04EC0-301F-11D3-BF4B-00C04F79EFBC}") = "Domain", "src\cms\Core\Domain\Domain.csproj", "{97131F7F-184E-4693-BEC3-3045BF343ACE}"
EndProject
Project("{FAE04EC0-301F-11D3-BF4B-00C04F79EFBC}") = "Infrastructure", "src\cms\Infrastructure\Infrastructure\Infrastructure.csproj", "{D4EC6126-E83E-4892-ABEC-2D629BC5EABE}"
EndProject
Project("{FAE04EC0-301F-11D3-BF4B-00C04F79EFBC}") = "Persistence", "src\cms\Infrastructure\Persistence\Persistence.csproj", "{0DA23C97-A416-4A73-BC07-7751C89E21F1}"
EndProject
Project("{FAE04EC0-301F-11D3-BF4B-00C04F79EFBC}") = "Wasm", "src\cms\Presentation\Wasm\Wasm\Wasm.csproj", "{EA5F9D25-13D4-4451-8929-C3CCD6AF3B99}"
EndProject
Project("{FAE04EC0-301F-11D3-BF4B-00C04F79EFBC}") = "Wasm.Client", "src\cms\Presentation\Wasm\Wasm.Client\Wasm.Client.csproj", "{B1366BDC-C13B-47CF-B1AA-986204B40757}"
EndProject
Project("{FAE04EC0-301F-11D3-BF4B-00C04F79EFBC}") = "Domain", "src\web\Core\Domain\Domain.csproj", "{3A330406-34A8-4EF6-A97F-4F3AFAD5DBF5}"
EndProject
Project("{FAE04EC0-301F-11D3-BF4B-00C04F79EFBC}") = "Application", "src\web\Core\Application\Application.csproj", "{C9CAE4FA-8203-4E58-BD6C-23C7FFE50816}"
EndProject
Project("{FAE04EC0-301F-11D3-BF4B-00C04F79EFBC}") = "Infrastructure", "src\web\Infrastructure\Infrastructure\Infrastructure.csproj", "{69A8749A-5226-4EC0-8897-6A7B56F7042C}"
EndProject
Project("{FAE04EC0-301F-11D3-BF4B-00C04F79EFBC}") = "Persistence", "src\web\Infrastructure\Persistence\Persistence.csproj", "{024C002A-AC6F-445E-8C3F-D2ADA7017079}"
EndProject
Project("{2150E333-8FDC-42A3-9474-1A3956D46DE8}") = "web", "web", "{80CA9851-CB93-42CF-BBE2-C1DB98676A09}"
EndProject
Project("{2150E333-8FDC-42A3-9474-1A3956D46DE8}") = "cms", "cms", "{7018FC37-5C38-4B8E-B581-21A3A84532E4}"
EndProject
Project("{FAE04EC0-301F-11D3-BF4B-00C04F79EFBC}") = "Cms.Tests", "tests\cms\Cms.Tests\Cms.Tests.csproj", "{88B23E4B-D8F4-406C-B643-45B39FAC2A0B}"
EndProject
Project("{FAE04EC0-301F-11D3-BF4B-00C04F79EFBC}") = "ArchitectureTests", "tests\web\ArchitectureTests\ArchitectureTests.csproj", "{D26FA238-11DD-4D74-BA8D-D8BFF91DE2AB}"
EndProject
Project("{FAE04EC0-301F-11D3-BF4B-00C04F79EFBC}") = "WebMvc", "src\web\Presentation\WebMvc\WebMvc.csproj", "{9968BA30-A5C1-45CF-B1DC-2719BD68D0F0}"
EndProject
Project("{FAE04EC0-301F-11D3-BF4B-00C04F79EFBC}") = "Application.UnitTests", "tests\web\Application.UnitTests\Application.UnitTests.csproj", "{DD58464E-86B4-4F82-97E6-6DCF55ABB2D7}"
EndProject
Global
	GlobalSection(SolutionConfigurationPlatforms) = preSolution
		Debug|Any CPU = Debug|Any CPU
		Debug|x64 = Debug|x64
		Debug|x86 = Debug|x86
		Release|Any CPU = Release|Any CPU
		Release|x64 = Release|x64
		Release|x86 = Release|x86
	EndGlobalSection
	GlobalSection(ProjectConfigurationPlatforms) = postSolution
		{001CF0FE-D02D-4064-B12F-F356422C50E9}.Debug|Any CPU.ActiveCfg = Debug|Any CPU
		{001CF0FE-D02D-4064-B12F-F356422C50E9}.Debug|Any CPU.Build.0 = Debug|Any CPU
		{001CF0FE-D02D-4064-B12F-F356422C50E9}.Debug|x64.ActiveCfg = Debug|Any CPU
		{001CF0FE-D02D-4064-B12F-F356422C50E9}.Debug|x64.Build.0 = Debug|Any CPU
		{001CF0FE-D02D-4064-B12F-F356422C50E9}.Debug|x86.ActiveCfg = Debug|Any CPU
		{001CF0FE-D02D-4064-B12F-F356422C50E9}.Debug|x86.Build.0 = Debug|Any CPU
		{001CF0FE-D02D-4064-B12F-F356422C50E9}.Release|Any CPU.ActiveCfg = Release|Any CPU
		{001CF0FE-D02D-4064-B12F-F356422C50E9}.Release|Any CPU.Build.0 = Release|Any CPU
		{001CF0FE-D02D-4064-B12F-F356422C50E9}.Release|x64.ActiveCfg = Release|Any CPU
		{001CF0FE-D02D-4064-B12F-F356422C50E9}.Release|x64.Build.0 = Release|Any CPU
		{001CF0FE-D02D-4064-B12F-F356422C50E9}.Release|x86.ActiveCfg = Release|Any CPU
		{001CF0FE-D02D-4064-B12F-F356422C50E9}.Release|x86.Build.0 = Release|Any CPU
		{1E796B7B-7163-4FFE-AD54-AF0DF4F20B9E}.Debug|Any CPU.ActiveCfg = Debug|Any CPU
		{1E796B7B-7163-4FFE-AD54-AF0DF4F20B9E}.Debug|Any CPU.Build.0 = Debug|Any CPU
		{1E796B7B-7163-4FFE-AD54-AF0DF4F20B9E}.Debug|x64.ActiveCfg = Debug|Any CPU
		{1E796B7B-7163-4FFE-AD54-AF0DF4F20B9E}.Debug|x64.Build.0 = Debug|Any CPU
		{1E796B7B-7163-4FFE-AD54-AF0DF4F20B9E}.Debug|x86.ActiveCfg = Debug|Any CPU
		{1E796B7B-7163-4FFE-AD54-AF0DF4F20B9E}.Debug|x86.Build.0 = Debug|Any CPU
		{1E796B7B-7163-4FFE-AD54-AF0DF4F20B9E}.Release|Any CPU.ActiveCfg = Release|Any CPU
		{1E796B7B-7163-4FFE-AD54-AF0DF4F20B9E}.Release|Any CPU.Build.0 = Release|Any CPU
		{1E796B7B-7163-4FFE-AD54-AF0DF4F20B9E}.Release|x64.ActiveCfg = Release|Any CPU
		{1E796B7B-7163-4FFE-AD54-AF0DF4F20B9E}.Release|x64.Build.0 = Release|Any CPU
		{1E796B7B-7163-4FFE-AD54-AF0DF4F20B9E}.Release|x86.ActiveCfg = Release|Any CPU
		{1E796B7B-7163-4FFE-AD54-AF0DF4F20B9E}.Release|x86.Build.0 = Release|Any CPU
		{97131F7F-184E-4693-BEC3-3045BF343ACE}.Debug|Any CPU.ActiveCfg = Debug|Any CPU
		{97131F7F-184E-4693-BEC3-3045BF343ACE}.Debug|Any CPU.Build.0 = Debug|Any CPU
		{97131F7F-184E-4693-BEC3-3045BF343ACE}.Debug|x64.ActiveCfg = Debug|Any CPU
		{97131F7F-184E-4693-BEC3-3045BF343ACE}.Debug|x64.Build.0 = Debug|Any CPU
		{97131F7F-184E-4693-BEC3-3045BF343ACE}.Debug|x86.ActiveCfg = Debug|Any CPU
		{97131F7F-184E-4693-BEC3-3045BF343ACE}.Debug|x86.Build.0 = Debug|Any CPU
		{97131F7F-184E-4693-BEC3-3045BF343ACE}.Release|Any CPU.ActiveCfg = Release|Any CPU
		{97131F7F-184E-4693-BEC3-3045BF343ACE}.Release|Any CPU.Build.0 = Release|Any CPU
		{97131F7F-184E-4693-BEC3-3045BF343ACE}.Release|x64.ActiveCfg = Release|Any CPU
		{97131F7F-184E-4693-BEC3-3045BF343ACE}.Release|x64.Build.0 = Release|Any CPU
		{97131F7F-184E-4693-BEC3-3045BF343ACE}.Release|x86.ActiveCfg = Release|Any CPU
		{97131F7F-184E-4693-BEC3-3045BF343ACE}.Release|x86.Build.0 = Release|Any CPU
		{D4EC6126-E83E-4892-ABEC-2D629BC5EABE}.Debug|Any CPU.ActiveCfg = Debug|Any CPU
		{D4EC6126-E83E-4892-ABEC-2D629BC5EABE}.Debug|Any CPU.Build.0 = Debug|Any CPU
		{D4EC6126-E83E-4892-ABEC-2D629BC5EABE}.Debug|x64.ActiveCfg = Debug|Any CPU
		{D4EC6126-E83E-4892-ABEC-2D629BC5EABE}.Debug|x64.Build.0 = Debug|Any CPU
		{D4EC6126-E83E-4892-ABEC-2D629BC5EABE}.Debug|x86.ActiveCfg = Debug|Any CPU
		{D4EC6126-E83E-4892-ABEC-2D629BC5EABE}.Debug|x86.Build.0 = Debug|Any CPU
		{D4EC6126-E83E-4892-ABEC-2D629BC5EABE}.Release|Any CPU.ActiveCfg = Release|Any CPU
		{D4EC6126-E83E-4892-ABEC-2D629BC5EABE}.Release|Any CPU.Build.0 = Release|Any CPU
		{D4EC6126-E83E-4892-ABEC-2D629BC5EABE}.Release|x64.ActiveCfg = Release|Any CPU
		{D4EC6126-E83E-4892-ABEC-2D629BC5EABE}.Release|x64.Build.0 = Release|Any CPU
		{D4EC6126-E83E-4892-ABEC-2D629BC5EABE}.Release|x86.ActiveCfg = Release|Any CPU
		{D4EC6126-E83E-4892-ABEC-2D629BC5EABE}.Release|x86.Build.0 = Release|Any CPU
		{0DA23C97-A416-4A73-BC07-7751C89E21F1}.Debug|Any CPU.ActiveCfg = Debug|Any CPU
		{0DA23C97-A416-4A73-BC07-7751C89E21F1}.Debug|Any CPU.Build.0 = Debug|Any CPU
		{0DA23C97-A416-4A73-BC07-7751C89E21F1}.Debug|x64.ActiveCfg = Debug|Any CPU
		{0DA23C97-A416-4A73-BC07-7751C89E21F1}.Debug|x64.Build.0 = Debug|Any CPU
		{0DA23C97-A416-4A73-BC07-7751C89E21F1}.Debug|x86.ActiveCfg = Debug|Any CPU
		{0DA23C97-A416-4A73-BC07-7751C89E21F1}.Debug|x86.Build.0 = Debug|Any CPU
		{0DA23C97-A416-4A73-BC07-7751C89E21F1}.Release|Any CPU.ActiveCfg = Release|Any CPU
		{0DA23C97-A416-4A73-BC07-7751C89E21F1}.Release|Any CPU.Build.0 = Release|Any CPU
		{0DA23C97-A416-4A73-BC07-7751C89E21F1}.Release|x64.ActiveCfg = Release|Any CPU
		{0DA23C97-A416-4A73-BC07-7751C89E21F1}.Release|x64.Build.0 = Release|Any CPU
		{0DA23C97-A416-4A73-BC07-7751C89E21F1}.Release|x86.ActiveCfg = Release|Any CPU
		{0DA23C97-A416-4A73-BC07-7751C89E21F1}.Release|x86.Build.0 = Release|Any CPU
		{EA5F9D25-13D4-4451-8929-C3CCD6AF3B99}.Debug|Any CPU.ActiveCfg = Debug|Any CPU
		{EA5F9D25-13D4-4451-8929-C3CCD6AF3B99}.Debug|Any CPU.Build.0 = Debug|Any CPU
		{EA5F9D25-13D4-4451-8929-C3CCD6AF3B99}.Debug|x64.ActiveCfg = Debug|Any CPU
		{EA5F9D25-13D4-4451-8929-C3CCD6AF3B99}.Debug|x64.Build.0 = Debug|Any CPU
		{EA5F9D25-13D4-4451-8929-C3CCD6AF3B99}.Debug|x86.ActiveCfg = Debug|Any CPU
		{EA5F9D25-13D4-4451-8929-C3CCD6AF3B99}.Debug|x86.Build.0 = Debug|Any CPU
		{EA5F9D25-13D4-4451-8929-C3CCD6AF3B99}.Release|Any CPU.ActiveCfg = Release|Any CPU
		{EA5F9D25-13D4-4451-8929-C3CCD6AF3B99}.Release|Any CPU.Build.0 = Release|Any CPU
		{EA5F9D25-13D4-4451-8929-C3CCD6AF3B99}.Release|x64.ActiveCfg = Release|Any CPU
		{EA5F9D25-13D4-4451-8929-C3CCD6AF3B99}.Release|x64.Build.0 = Release|Any CPU
		{EA5F9D25-13D4-4451-8929-C3CCD6AF3B99}.Release|x86.ActiveCfg = Release|Any CPU
		{EA5F9D25-13D4-4451-8929-C3CCD6AF3B99}.Release|x86.Build.0 = Release|Any CPU
		{B1366BDC-C13B-47CF-B1AA-986204B40757}.Debug|Any CPU.ActiveCfg = Debug|Any CPU
		{B1366BDC-C13B-47CF-B1AA-986204B40757}.Debug|Any CPU.Build.0 = Debug|Any CPU
		{B1366BDC-C13B-47CF-B1AA-986204B40757}.Debug|x64.ActiveCfg = Debug|Any CPU
		{B1366BDC-C13B-47CF-B1AA-986204B40757}.Debug|x64.Build.0 = Debug|Any CPU
		{B1366BDC-C13B-47CF-B1AA-986204B40757}.Debug|x86.ActiveCfg = Debug|Any CPU
		{B1366BDC-C13B-47CF-B1AA-986204B40757}.Debug|x86.Build.0 = Debug|Any CPU
		{B1366BDC-C13B-47CF-B1AA-986204B40757}.Release|Any CPU.ActiveCfg = Release|Any CPU
		{B1366BDC-C13B-47CF-B1AA-986204B40757}.Release|Any CPU.Build.0 = Release|Any CPU
		{B1366BDC-C13B-47CF-B1AA-986204B40757}.Release|x64.ActiveCfg = Release|Any CPU
		{B1366BDC-C13B-47CF-B1AA-986204B40757}.Release|x64.Build.0 = Release|Any CPU
		{B1366BDC-C13B-47CF-B1AA-986204B40757}.Release|x86.ActiveCfg = Release|Any CPU
		{B1366BDC-C13B-47CF-B1AA-986204B40757}.Release|x86.Build.0 = Release|Any CPU
		{3A330406-34A8-4EF6-A97F-4F3AFAD5DBF5}.Debug|Any CPU.ActiveCfg = Debug|Any CPU
		{3A330406-34A8-4EF6-A97F-4F3AFAD5DBF5}.Debug|Any CPU.Build.0 = Debug|Any CPU
		{3A330406-34A8-4EF6-A97F-4F3AFAD5DBF5}.Debug|x64.ActiveCfg = Debug|Any CPU
		{3A330406-34A8-4EF6-A97F-4F3AFAD5DBF5}.Debug|x64.Build.0 = Debug|Any CPU
		{3A330406-34A8-4EF6-A97F-4F3AFAD5DBF5}.Debug|x86.ActiveCfg = Debug|Any CPU
		{3A330406-34A8-4EF6-A97F-4F3AFAD5DBF5}.Debug|x86.Build.0 = Debug|Any CPU
		{3A330406-34A8-4EF6-A97F-4F3AFAD5DBF5}.Release|Any CPU.ActiveCfg = Release|Any CPU
		{3A330406-34A8-4EF6-A97F-4F3AFAD5DBF5}.Release|Any CPU.Build.0 = Release|Any CPU
		{3A330406-34A8-4EF6-A97F-4F3AFAD5DBF5}.Release|x64.ActiveCfg = Release|Any CPU
		{3A330406-34A8-4EF6-A97F-4F3AFAD5DBF5}.Release|x64.Build.0 = Release|Any CPU
		{3A330406-34A8-4EF6-A97F-4F3AFAD5DBF5}.Release|x86.ActiveCfg = Release|Any CPU
		{3A330406-34A8-4EF6-A97F-4F3AFAD5DBF5}.Release|x86.Build.0 = Release|Any CPU
		{C9CAE4FA-8203-4E58-BD6C-23C7FFE50816}.Debug|Any CPU.ActiveCfg = Debug|Any CPU
		{C9CAE4FA-8203-4E58-BD6C-23C7FFE50816}.Debug|Any CPU.Build.0 = Debug|Any CPU
		{C9CAE4FA-8203-4E58-BD6C-23C7FFE50816}.Debug|x64.ActiveCfg = Debug|Any CPU
		{C9CAE4FA-8203-4E58-BD6C-23C7FFE50816}.Debug|x64.Build.0 = Debug|Any CPU
		{C9CAE4FA-8203-4E58-BD6C-23C7FFE50816}.Debug|x86.ActiveCfg = Debug|Any CPU
		{C9CAE4FA-8203-4E58-BD6C-23C7FFE50816}.Debug|x86.Build.0 = Debug|Any CPU
		{C9CAE4FA-8203-4E58-BD6C-23C7FFE50816}.Release|Any CPU.ActiveCfg = Release|Any CPU
		{C9CAE4FA-8203-4E58-BD6C-23C7FFE50816}.Release|Any CPU.Build.0 = Release|Any CPU
		{C9CAE4FA-8203-4E58-BD6C-23C7FFE50816}.Release|x64.ActiveCfg = Release|Any CPU
		{C9CAE4FA-8203-4E58-BD6C-23C7FFE50816}.Release|x64.Build.0 = Release|Any CPU
		{C9CAE4FA-8203-4E58-BD6C-23C7FFE50816}.Release|x86.ActiveCfg = Release|Any CPU
		{C9CAE4FA-8203-4E58-BD6C-23C7FFE50816}.Release|x86.Build.0 = Release|Any CPU
		{69A8749A-5226-4EC0-8897-6A7B56F7042C}.Debug|Any CPU.ActiveCfg = Debug|Any CPU
		{69A8749A-5226-4EC0-8897-6A7B56F7042C}.Debug|Any CPU.Build.0 = Debug|Any CPU
		{69A8749A-5226-4EC0-8897-6A7B56F7042C}.Debug|x64.ActiveCfg = Debug|Any CPU
		{69A8749A-5226-4EC0-8897-6A7B56F7042C}.Debug|x64.Build.0 = Debug|Any CPU
		{69A8749A-5226-4EC0-8897-6A7B56F7042C}.Debug|x86.ActiveCfg = Debug|Any CPU
		{69A8749A-5226-4EC0-8897-6A7B56F7042C}.Debug|x86.Build.0 = Debug|Any CPU
		{69A8749A-5226-4EC0-8897-6A7B56F7042C}.Release|Any CPU.ActiveCfg = Release|Any CPU
		{69A8749A-5226-4EC0-8897-6A7B56F7042C}.Release|Any CPU.Build.0 = Release|Any CPU
		{69A8749A-5226-4EC0-8897-6A7B56F7042C}.Release|x64.ActiveCfg = Release|Any CPU
		{69A8749A-5226-4EC0-8897-6A7B56F7042C}.Release|x64.Build.0 = Release|Any CPU
		{69A8749A-5226-4EC0-8897-6A7B56F7042C}.Release|x86.ActiveCfg = Release|Any CPU
		{69A8749A-5226-4EC0-8897-6A7B56F7042C}.Release|x86.Build.0 = Release|Any CPU
		{024C002A-AC6F-445E-8C3F-D2ADA7017079}.Debug|Any CPU.ActiveCfg = Debug|Any CPU
		{024C002A-AC6F-445E-8C3F-D2ADA7017079}.Debug|Any CPU.Build.0 = Debug|Any CPU
		{024C002A-AC6F-445E-8C3F-D2ADA7017079}.Debug|x64.ActiveCfg = Debug|Any CPU
		{024C002A-AC6F-445E-8C3F-D2ADA7017079}.Debug|x64.Build.0 = Debug|Any CPU
		{024C002A-AC6F-445E-8C3F-D2ADA7017079}.Debug|x86.ActiveCfg = Debug|Any CPU
		{024C002A-AC6F-445E-8C3F-D2ADA7017079}.Debug|x86.Build.0 = Debug|Any CPU
		{024C002A-AC6F-445E-8C3F-D2ADA7017079}.Release|Any CPU.ActiveCfg = Release|Any CPU
		{024C002A-AC6F-445E-8C3F-D2ADA7017079}.Release|Any CPU.Build.0 = Release|Any CPU
		{024C002A-AC6F-445E-8C3F-D2ADA7017079}.Release|x64.ActiveCfg = Release|Any CPU
		{024C002A-AC6F-445E-8C3F-D2ADA7017079}.Release|x64.Build.0 = Release|Any CPU
		{024C002A-AC6F-445E-8C3F-D2ADA7017079}.Release|x86.ActiveCfg = Release|Any CPU
		{024C002A-AC6F-445E-8C3F-D2ADA7017079}.Release|x86.Build.0 = Release|Any CPU
		{88B23E4B-D8F4-406C-B643-45B39FAC2A0B}.Debug|Any CPU.ActiveCfg = Debug|Any CPU
		{88B23E4B-D8F4-406C-B643-45B39FAC2A0B}.Debug|Any CPU.Build.0 = Debug|Any CPU
		{88B23E4B-D8F4-406C-B643-45B39FAC2A0B}.Debug|x64.ActiveCfg = Debug|Any CPU
		{88B23E4B-D8F4-406C-B643-45B39FAC2A0B}.Debug|x64.Build.0 = Debug|Any CPU
		{88B23E4B-D8F4-406C-B643-45B39FAC2A0B}.Debug|x86.ActiveCfg = Debug|Any CPU
		{88B23E4B-D8F4-406C-B643-45B39FAC2A0B}.Debug|x86.Build.0 = Debug|Any CPU
		{88B23E4B-D8F4-406C-B643-45B39FAC2A0B}.Release|Any CPU.ActiveCfg = Release|Any CPU
		{88B23E4B-D8F4-406C-B643-45B39FAC2A0B}.Release|Any CPU.Build.0 = Release|Any CPU
		{88B23E4B-D8F4-406C-B643-45B39FAC2A0B}.Release|x64.ActiveCfg = Release|Any CPU
		{88B23E4B-D8F4-406C-B643-45B39FAC2A0B}.Release|x64.Build.0 = Release|Any CPU
		{88B23E4B-D8F4-406C-B643-45B39FAC2A0B}.Release|x86.ActiveCfg = Release|Any CPU
		{88B23E4B-D8F4-406C-B643-45B39FAC2A0B}.Release|x86.Build.0 = Release|Any CPU
		{D26FA238-11DD-4D74-BA8D-D8BFF91DE2AB}.Debug|Any CPU.ActiveCfg = Debug|Any CPU
		{D26FA238-11DD-4D74-BA8D-D8BFF91DE2AB}.Debug|Any CPU.Build.0 = Debug|Any CPU
		{D26FA238-11DD-4D74-BA8D-D8BFF91DE2AB}.Debug|x64.ActiveCfg = Debug|Any CPU
		{D26FA238-11DD-4D74-BA8D-D8BFF91DE2AB}.Debug|x64.Build.0 = Debug|Any CPU
		{D26FA238-11DD-4D74-BA8D-D8BFF91DE2AB}.Debug|x86.ActiveCfg = Debug|Any CPU
		{D26FA238-11DD-4D74-BA8D-D8BFF91DE2AB}.Debug|x86.Build.0 = Debug|Any CPU
		{D26FA238-11DD-4D74-BA8D-D8BFF91DE2AB}.Release|Any CPU.ActiveCfg = Release|Any CPU
		{D26FA238-11DD-4D74-BA8D-D8BFF91DE2AB}.Release|Any CPU.Build.0 = Release|Any CPU
		{D26FA238-11DD-4D74-BA8D-D8BFF91DE2AB}.Release|x64.ActiveCfg = Release|Any CPU
		{D26FA238-11DD-4D74-BA8D-D8BFF91DE2AB}.Release|x64.Build.0 = Release|Any CPU
		{D26FA238-11DD-4D74-BA8D-D8BFF91DE2AB}.Release|x86.ActiveCfg = Release|Any CPU
		{D26FA238-11DD-4D74-BA8D-D8BFF91DE2AB}.Release|x86.Build.0 = Release|Any CPU
		{9968BA30-A5C1-45CF-B1DC-2719BD68D0F0}.Debug|Any CPU.ActiveCfg = Debug|Any CPU
		{9968BA30-A5C1-45CF-B1DC-2719BD68D0F0}.Debug|Any CPU.Build.0 = Debug|Any CPU
		{9968BA30-A5C1-45CF-B1DC-2719BD68D0F0}.Debug|x64.ActiveCfg = Debug|Any CPU
		{9968BA30-A5C1-45CF-B1DC-2719BD68D0F0}.Debug|x64.Build.0 = Debug|Any CPU
		{9968BA30-A5C1-45CF-B1DC-2719BD68D0F0}.Debug|x86.ActiveCfg = Debug|Any CPU
		{9968BA30-A5C1-45CF-B1DC-2719BD68D0F0}.Debug|x86.Build.0 = Debug|Any CPU
		{9968BA30-A5C1-45CF-B1DC-2719BD68D0F0}.Release|Any CPU.ActiveCfg = Release|Any CPU
		{9968BA30-A5C1-45CF-B1DC-2719BD68D0F0}.Release|Any CPU.Build.0 = Release|Any CPU
		{9968BA30-A5C1-45CF-B1DC-2719BD68D0F0}.Release|x64.ActiveCfg = Release|Any CPU
		{9968BA30-A5C1-45CF-B1DC-2719BD68D0F0}.Release|x64.Build.0 = Release|Any CPU
		{9968BA30-A5C1-45CF-B1DC-2719BD68D0F0}.Release|x86.ActiveCfg = Release|Any CPU
		{9968BA30-A5C1-45CF-B1DC-2719BD68D0F0}.Release|x86.Build.0 = Release|Any CPU
		{DD58464E-86B4-4F82-97E6-6DCF55ABB2D7}.Debug|Any CPU.ActiveCfg = Debug|Any CPU
		{DD58464E-86B4-4F82-97E6-6DCF55ABB2D7}.Debug|Any CPU.Build.0 = Debug|Any CPU
		{DD58464E-86B4-4F82-97E6-6DCF55ABB2D7}.Debug|x64.ActiveCfg = Debug|Any CPU
		{DD58464E-86B4-4F82-97E6-6DCF55ABB2D7}.Debug|x64.Build.0 = Debug|Any CPU
		{DD58464E-86B4-4F82-97E6-6DCF55ABB2D7}.Debug|x86.ActiveCfg = Debug|Any CPU
		{DD58464E-86B4-4F82-97E6-6DCF55ABB2D7}.Debug|x86.Build.0 = Debug|Any CPU
		{DD58464E-86B4-4F82-97E6-6DCF55ABB2D7}.Release|Any CPU.ActiveCfg = Release|Any CPU
		{DD58464E-86B4-4F82-97E6-6DCF55ABB2D7}.Release|Any CPU.Build.0 = Release|Any CPU
		{DD58464E-86B4-4F82-97E6-6DCF55ABB2D7}.Release|x64.ActiveCfg = Release|Any CPU
		{DD58464E-86B4-4F82-97E6-6DCF55ABB2D7}.Release|x64.Build.0 = Release|Any CPU
		{DD58464E-86B4-4F82-97E6-6DCF55ABB2D7}.Release|x86.ActiveCfg = Release|Any CPU
		{DD58464E-86B4-4F82-97E6-6DCF55ABB2D7}.Release|x86.Build.0 = Release|Any CPU
	EndGlobalSection
	GlobalSection(SolutionProperties) = preSolution
		HideSolutionNode = FALSE
	EndGlobalSection
	GlobalSection(NestedProjects) = preSolution
		{16DB18A2-0DED-4615-BC6E-750EF9D40790} = {4E369297-0CA7-4F92-8F2A-C248A43639E6}
		{1ACEEFC7-4456-4EA7-B3D1-9C58F5927264} = {4E369297-0CA7-4F92-8F2A-C248A43639E6}
		{A9ACE493-5A27-4C98-AB89-CE0DFCDD631C} = {16DB18A2-0DED-4615-BC6E-750EF9D40790}
		{0B715706-7125-49CC-BDCA-A8EFB772F656} = {16DB18A2-0DED-4615-BC6E-750EF9D40790}
		{FC31AFBD-BA94-4732-B27D-C9E2B95DE3CE} = {16DB18A2-0DED-4615-BC6E-750EF9D40790}
		{97DE87FE-5B0A-4D42-B7EF-35C3A197FC96} = {1ACEEFC7-4456-4EA7-B3D1-9C58F5927264}
		{DF2EE14B-E2F6-4BE7-89E1-C59799282565} = {1ACEEFC7-4456-4EA7-B3D1-9C58F5927264}
		{BEB7AC37-A3D2-405A-A023-3CCFAB4F6743} = {1ACEEFC7-4456-4EA7-B3D1-9C58F5927264}
		{001CF0FE-D02D-4064-B12F-F356422C50E9} = {4E369297-0CA7-4F92-8F2A-C248A43639E6}
		{1E796B7B-7163-4FFE-AD54-AF0DF4F20B9E} = {A9ACE493-5A27-4C98-AB89-CE0DFCDD631C}
		{97131F7F-184E-4693-BEC3-3045BF343ACE} = {A9ACE493-5A27-4C98-AB89-CE0DFCDD631C}
		{D4EC6126-E83E-4892-ABEC-2D629BC5EABE} = {0B715706-7125-49CC-BDCA-A8EFB772F656}
		{0DA23C97-A416-4A73-BC07-7751C89E21F1} = {0B715706-7125-49CC-BDCA-A8EFB772F656}
		{EA5F9D25-13D4-4451-8929-C3CCD6AF3B99} = {FC31AFBD-BA94-4732-B27D-C9E2B95DE3CE}
		{B1366BDC-C13B-47CF-B1AA-986204B40757} = {FC31AFBD-BA94-4732-B27D-C9E2B95DE3CE}
		{3A330406-34A8-4EF6-A97F-4F3AFAD5DBF5} = {97DE87FE-5B0A-4D42-B7EF-35C3A197FC96}
		{C9CAE4FA-8203-4E58-BD6C-23C7FFE50816} = {97DE87FE-5B0A-4D42-B7EF-35C3A197FC96}
		{69A8749A-5226-4EC0-8897-6A7B56F7042C} = {DF2EE14B-E2F6-4BE7-89E1-C59799282565}
		{024C002A-AC6F-445E-8C3F-D2ADA7017079} = {DF2EE14B-E2F6-4BE7-89E1-C59799282565}
		{80CA9851-CB93-42CF-BBE2-C1DB98676A09} = {58B3212D-87B6-4551-9557-B4A94263A9CC}
		{7018FC37-5C38-4B8E-B581-21A3A84532E4} = {58B3212D-87B6-4551-9557-B4A94263A9CC}
		{88B23E4B-D8F4-406C-B643-45B39FAC2A0B} = {7018FC37-5C38-4B8E-B581-21A3A84532E4}
		{D26FA238-11DD-4D74-BA8D-D8BFF91DE2AB} = {80CA9851-CB93-42CF-BBE2-C1DB98676A09}
		{9968BA30-A5C1-45CF-B1DC-2719BD68D0F0} = {BEB7AC37-A3D2-405A-A023-3CCFAB4F6743}
		{DD58464E-86B4-4F82-97E6-6DCF55ABB2D7} = {80CA9851-CB93-42CF-BBE2-C1DB98676A09}
	EndGlobalSection
	GlobalSection(ExtensibilityGlobals) = postSolution
		SolutionGuid = {B955271E-9417-4256-B59A-902DB125BF45}
	EndGlobalSection
EndGlobal
